<?xml version="1.0" encoding="utf-8"?>
<Project ToolsVersion="4.0" xmlns="http://schemas.microsoft.com/developer/msbuild/2003">
  <ItemGroup>
    <ClCompile Include="Program.cpp" />
    <ClCompile Include="MathHelpers.cpp">
      <Filter>Utils\MathHelpers</Filter>
    </ClCompile>
    <ClCompile Include="StreamHelpers.cpp">
      <Filter>Utils\StreamHelpers</Filter>
    </ClCompile>
    <ClCompile Include="StringHelpers.cpp">
      <Filter>Utils\StringHelpers</Filter>
    </ClCompile>
    <ClCompile Include="String.cpp">
      <Filter>Data Structures\String</Filter>
    </ClCompile>
    <ClCompile Include="GameEngine.cpp">
      <Filter>Core\GameEngine</Filter>
    </ClCompile>
    <ClCompile Include="Player.cpp">
      <Filter>Data\Player</Filter>
    </ClCompile>
    <ClCompile Include="Bank.cpp">
      <Filter>Data\Bank</Filter>
    </ClCompile>
    <ClCompile Include="Board.cpp">
      <Filter>Data\Board</Filter>
    </ClCompile>
    <ClCompile Include="Deck.cpp">
      <Filter>Data\Deck</Filter>
    </ClCompile>
    <ClCompile Include="Field.cpp">
      <Filter>Data\Fields\Base</Filter>
    </ClCompile>
    <ClCompile Include="Property.cpp">
      <Filter>Data\Fields\Property</Filter>
    </ClCompile>
    <ClCompile Include="PlayerFactory.cpp">
      <Filter>Factories\PlayerFactory</Filter>
    </ClCompile>
    <ClCompile Include="FieldFactory.cpp">
      <Filter>Factories\FieldFactory</Filter>
    </ClCompile>
    <ClCompile Include="Console.cpp">
      <Filter>UI\Console</Filter>
    </ClCompile>
    <ClCompile Include="Renderer.cpp">
      <Filter>UI\Renderer</Filter>
    </ClCompile>
    <ClCompile Include="Tile.cpp">
      <Filter>UI\Tile</Filter>
    </ClCompile>
    <ClCompile Include="Die.cpp">
      <Filter>Data\Dice</Filter>
    </ClCompile>
    <ClCompile Include="CardField.cpp">
      <Filter>Data\Fields\CardField</Filter>
    </ClCompile>
    <ClCompile Include="Card.cpp">
      <Filter>Data\Cards\Base</Filter>
    </ClCompile>
    <ClCompile Include="MovePositionCard.cpp">
      <Filter>Data\Cards\MovePositionCard</Filter>
    </ClCompile>
    <ClCompile Include="PaymentCard.cpp">
      <Filter>Data\Cards\PaymentCard</Filter>
    </ClCompile>
    <ClCompile Include="PaymentCardValidation.h">
      <Filter>Data\Cards\PaymentCard</Filter>
    </ClCompile>
    <ClCompile Include="MovePositionToNearestCard.cpp">
      <Filter>Data\Cards\MovePositionToNearestCard</Filter>
    </ClCompile>
    <ClCompile Include="CombinedCard.cpp">
      <Filter>Data\Cards\CombinedCard</Filter>
    </ClCompile>
    <ClCompile Include="CommandHandler.cpp">
      <Filter>Core\CommandHandler</Filter>
    </ClCompile>
    <ClCompile Include="Command.cpp">
      <Filter>Core\Commands\Base</Filter>
    </ClCompile>
    <ClCompile Include="EndTurnCommand.cpp">
      <Filter>Core\Commands\EndTurn</Filter>
    </ClCompile>
    <ClCompile Include="BuyPropertyCommand.cpp">
      <Filter>Core\Commands\BuyProperty</Filter>
    </ClCompile>
    <ClCompile Include="SellPropertyCommand.cpp">
      <Filter>Core\Commands\SellProperty</Filter>
    </ClCompile>
    <ClCompile Include="BuildHouseCommand.cpp">
      <Filter>Core\Commands\BuildHouse</Filter>
    </ClCompile>
    <ClCompile Include="DemolishHouseCommand.cpp">
      <Filter>Core\Commands\DemolishHouse</Filter>
    </ClCompile>
    <ClCompile Include="DefaultMenuCommand.cpp">
      <Filter>Core\Commands\DefaultMenu</Filter>
    </ClCompile>
    <ClCompile Include="Menu.cpp">
      <Filter>UI\Menu</Filter>
    </ClCompile>
    <ClCompile Include="JailPassCommand.cpp">
      <Filter>Core\Commands\JailPass</Filter>
    </ClCompile>
    <ClCompile Include="JailEscapeMenuCommand.cpp">
      <Filter>Core\Commands\JailEscapeMenu</Filter>
    </ClCompile>
    <ClCompile Include="PayJailFeeCommand.cpp">
      <Filter>Core\Commands\PayJailFeeCommand</Filter>
    </ClCompile>
    <ClCompile Include="OwnedField.cpp">
      <Filter>Data\Fields\OwnedField</Filter>
    </ClCompile>
    <ClCompile Include="PricedField.cpp">
      <Filter>Data\Fields\PricedField</Filter>
    </ClCompile>
    <ClCompile Include="Railroad.cpp">
      <Filter>Data\Fields\Railroad</Filter>
    </ClCompile>
    <ClCompile Include="BuyRailroadCommand.cpp">
      <Filter>Core\Commands\BuyRailroad</Filter>
    </ClCompile>
    <ClCompile Include="SellRailroadCommand.cpp">
      <Filter>Core\Commands\SellRailroad</Filter>
    </ClCompile>
    <ClCompile Include="Utility.cpp">
      <Filter>Data\Fields\Utility</Filter>
    </ClCompile>
    <ClCompile Include="SellUtilityCommand.cpp">
      <Filter>Core\Commands\SellUtility</Filter>
    </ClCompile>
    <ClCompile Include="BuyUtilityCommand.cpp">
      <Filter>Core\Commands\BuyUtility</Filter>
    </ClCompile>
    <ClCompile Include="TextField.cpp">
      <Filter>Data\Fields\TextField</Filter>
    </ClCompile>
    <ClCompile Include="TaxField.cpp">
      <Filter>Data\Fields\TaxField</Filter>
    </ClCompile>
    <ClCompile Include="GiveUpCommand.cpp">
      <Filter>Core\Commands\GiveUp</Filter>
    </ClCompile>
  </ItemGroup>
  <ItemGroup>
    <Filter Include="Data Structures">
      <UniqueIdentifier>{15c841fd-ba35-441c-be43-f7c950d68b45}</UniqueIdentifier>
    </Filter>
    <Filter Include="Utils">
      <UniqueIdentifier>{a0a4d3a8-871f-4213-adff-74179e9fbfb8}</UniqueIdentifier>
    </Filter>
    <Filter Include="Utils\MathHelpers">
      <UniqueIdentifier>{6f8ff99c-17e3-4989-bf64-aee9a4fbe911}</UniqueIdentifier>
    </Filter>
    <Filter Include="Utils\StreamHelpers">
      <UniqueIdentifier>{fda67475-f54a-4d70-beb1-310764f07c30}</UniqueIdentifier>
    </Filter>
    <Filter Include="Utils\StringHelpers">
      <UniqueIdentifier>{64c8bc9c-de87-461f-9e14-9c0a2f23ec9d}</UniqueIdentifier>
    </Filter>
    <Filter Include="Data Structures\String">
      <UniqueIdentifier>{ca98fd6e-a36c-4d47-b49f-9a31a9e43028}</UniqueIdentifier>
    </Filter>
    <Filter Include="Data Structures\Vector">
      <UniqueIdentifier>{6afb4122-769e-419e-a9ed-d7144713b76c}</UniqueIdentifier>
    </Filter>
    <Filter Include="Common">
      <UniqueIdentifier>{29ff1311-076a-4400-8873-91c21a1e283a}</UniqueIdentifier>
    </Filter>
    <Filter Include="Data">
      <UniqueIdentifier>{e66d8f73-956f-4403-b9ca-4096e9da0f81}</UniqueIdentifier>
    </Filter>
    <Filter Include="Data\Player">
      <UniqueIdentifier>{5b935d39-9a9c-49d2-90f5-506634685ceb}</UniqueIdentifier>
    </Filter>
    <Filter Include="Data\Bank">
      <UniqueIdentifier>{760f4fd1-80b5-4e61-8ebe-108dc0d3951f}</UniqueIdentifier>
    </Filter>
    <Filter Include="Data\Board">
      <UniqueIdentifier>{6b0e1d70-6981-4ee4-9329-d5a15366fd7f}</UniqueIdentifier>
    </Filter>
    <Filter Include="Data\Fields">
      <UniqueIdentifier>{ae0f4cd8-c2e1-4e3e-b027-2339374cf271}</UniqueIdentifier>
    </Filter>
    <Filter Include="Data\Fields\Base">
      <UniqueIdentifier>{f0737ad3-01d6-41cf-8baa-5e9061f4f70a}</UniqueIdentifier>
    </Filter>
    <Filter Include="Data\Fields\Property">
      <UniqueIdentifier>{96bd852c-af6d-407b-bb35-ff28df0b0f79}</UniqueIdentifier>
    </Filter>
    <Filter Include="Factories">
      <UniqueIdentifier>{c8106fd5-9c32-43cd-b5fe-b7711fcf5662}</UniqueIdentifier>
    </Filter>
    <Filter Include="Factories\PlayerFactory">
      <UniqueIdentifier>{867128a3-8d5a-43a9-af0f-23c4d06f4437}</UniqueIdentifier>
    </Filter>
    <Filter Include="Factories\FieldFactory">
      <UniqueIdentifier>{9aba797d-2969-4826-88e8-93b97dd351cf}</UniqueIdentifier>
    </Filter>
    <Filter Include="Core">
      <UniqueIdentifier>{ebe634db-237a-405d-8605-9b0a96fafff4}</UniqueIdentifier>
    </Filter>
    <Filter Include="Core\GameEngine">
      <UniqueIdentifier>{20c4f2e2-7805-44e8-bf4f-b7636203d373}</UniqueIdentifier>
    </Filter>
    <Filter Include="Data\Dice">
      <UniqueIdentifier>{aea7c2b1-6354-4093-af65-77101b57493e}</UniqueIdentifier>
    </Filter>
    <Filter Include="Data Structures\Pair">
      <UniqueIdentifier>{512fb36d-0a20-4e41-b642-cb0a7999d0ca}</UniqueIdentifier>
    </Filter>
    <Filter Include="Data\Fields\CardField">
      <UniqueIdentifier>{61182688-a50a-4f06-8c29-255694c25198}</UniqueIdentifier>
    </Filter>
    <Filter Include="Data\Cards">
      <UniqueIdentifier>{81c76a57-9889-465b-9002-47bedb30b402}</UniqueIdentifier>
    </Filter>
    <Filter Include="Data\Cards\Base">
      <UniqueIdentifier>{e5423cfd-1035-4493-ac35-fd8376b5e6e4}</UniqueIdentifier>
    </Filter>
    <Filter Include="Data\Cards\MovePositionCard">
      <UniqueIdentifier>{e47fc8ee-f78e-4cae-be51-f81569a59e21}</UniqueIdentifier>
    </Filter>
    <Filter Include="Data\Cards\PaymentCard">
      <UniqueIdentifier>{78977dab-ff94-4f4b-a4e7-90c9e9c0f2cd}</UniqueIdentifier>
    </Filter>
    <Filter Include="Data\Cards\MovePositionToNearestCard">
      <UniqueIdentifier>{bc3c87d7-1a6f-4d09-b27c-399ee0b225c1}</UniqueIdentifier>
    </Filter>
    <Filter Include="Data\Cards\CombinedCard">
      <UniqueIdentifier>{75123f9c-e696-4c2f-a962-8cf6100a379c}</UniqueIdentifier>
    </Filter>
    <Filter Include="Data\Deck">
      <UniqueIdentifier>{afe234d3-eeb1-4136-a6ba-bad3113d06d5}</UniqueIdentifier>
    </Filter>
    <Filter Include="Data Structures\Queue">
      <UniqueIdentifier>{f018ef1c-7ca0-48ad-8bb4-50015d0c77b9}</UniqueIdentifier>
    </Filter>
    <Filter Include="Core\Commands">
      <UniqueIdentifier>{2398390f-219d-4cdd-82f2-66b0e4aaa47e}</UniqueIdentifier>
    </Filter>
    <Filter Include="Core\Commands\Base">
      <UniqueIdentifier>{512a3bf0-6370-4120-bc61-cb4cc578c8a6}</UniqueIdentifier>
    </Filter>
    <Filter Include="Core\Commands\EndTurn">
      <UniqueIdentifier>{4262b8e0-a757-465c-ac3b-b61cef46c149}</UniqueIdentifier>
    </Filter>
    <Filter Include="Core\Commands\BuyProperty">
      <UniqueIdentifier>{0f6d7bc4-c7a7-42c3-88c0-286b6be6bb62}</UniqueIdentifier>
    </Filter>
    <Filter Include="Core\Commands\SellProperty">
      <UniqueIdentifier>{e3c1f0f6-4c78-4204-8ae3-51732d895479}</UniqueIdentifier>
    </Filter>
    <Filter Include="Core\Commands\BuildHouse">
      <UniqueIdentifier>{9db157ff-f6e8-4bc1-a63e-8fce9cf98f40}</UniqueIdentifier>
    </Filter>
    <Filter Include="Core\Commands\DemolishHouse">
      <UniqueIdentifier>{3313990b-5b1b-427d-ba3e-3519f670d2ad}</UniqueIdentifier>
    </Filter>
    <Filter Include="Core\Commands\DefaultMenu">
      <UniqueIdentifier>{32d52dbd-4c5c-456a-b172-1ad2cf3c6ac8}</UniqueIdentifier>
    </Filter>
    <Filter Include="Core\CommandHandler">
      <UniqueIdentifier>{dd5efd42-26c9-4251-9c45-93c1c3226ca1}</UniqueIdentifier>
    </Filter>
    <Filter Include="UI">
      <UniqueIdentifier>{85989448-7810-4c5f-89b9-2b412735b742}</UniqueIdentifier>
    </Filter>
    <Filter Include="UI\Renderer">
      <UniqueIdentifier>{f12157fb-53fb-4a07-a073-e74d23b5354b}</UniqueIdentifier>
    </Filter>
    <Filter Include="UI\Console">
      <UniqueIdentifier>{e1ba9e3a-e6ad-4ffb-a8c4-493b1889e80f}</UniqueIdentifier>
    </Filter>
    <Filter Include="UI\Tile">
      <UniqueIdentifier>{2ad592ae-6799-4c83-9886-9a475d85fc1e}</UniqueIdentifier>
    </Filter>
    <Filter Include="UI\Menu">
      <UniqueIdentifier>{1007a6c9-ad24-4e68-aec3-8c771cd11d3f}</UniqueIdentifier>
    </Filter>
    <Filter Include="Core\Commands\JailPass">
      <UniqueIdentifier>{101cbbd4-2afb-4f29-81a4-7f47325a9a12}</UniqueIdentifier>
    </Filter>
    <Filter Include="Core\Commands\JailEscapeMenu">
      <UniqueIdentifier>{145e67ab-8298-4c8f-b02d-794e4430c09d}</UniqueIdentifier>
    </Filter>
    <Filter Include="Core\Commands\PayJailFeeCommand">
      <UniqueIdentifier>{703c82c2-60cd-4eee-84f5-c99628dea3e3}</UniqueIdentifier>
    </Filter>
    <Filter Include="Data\Fields\OwnedField">
      <UniqueIdentifier>{eab4d451-f274-4ea9-bf80-91b6218d3104}</UniqueIdentifier>
    </Filter>
    <Filter Include="Data\Fields\PricedField">
      <UniqueIdentifier>{d19f1ffc-d8a1-45b4-b0c3-05e293f70178}</UniqueIdentifier>
    </Filter>
    <Filter Include="Data\Fields\Railroad">
      <UniqueIdentifier>{ea8e7912-542e-4d24-a63e-3bb82f04c667}</UniqueIdentifier>
    </Filter>
    <Filter Include="Core\Commands\BuyRailroad">
      <UniqueIdentifier>{6570a926-f86c-4082-8abe-261f618c2074}</UniqueIdentifier>
    </Filter>
    <Filter Include="Core\Commands\SellRailroad">
      <UniqueIdentifier>{32e3ddbd-8660-4a02-a953-4fc153953618}</UniqueIdentifier>
    </Filter>
    <Filter Include="Data\Fields\Utility">
      <UniqueIdentifier>{c92f182c-383f-4cf1-a654-76efbf796188}</UniqueIdentifier>
    </Filter>
    <Filter Include="Core\Commands\SellUtility">
      <UniqueIdentifier>{4248604b-5058-48de-93c8-e5e61750c7ff}</UniqueIdentifier>
    </Filter>
    <Filter Include="Core\Commands\BuyUtility">
      <UniqueIdentifier>{059b7920-f087-477b-b00b-4156f6d21fb8}</UniqueIdentifier>
    </Filter>
    <Filter Include="Data\Cards\CustomCard">
      <UniqueIdentifier>{88d42048-2529-4d73-ba4f-b586653278a7}</UniqueIdentifier>
    </Filter>
    <Filter Include="Data\Fields\TextField">
      <UniqueIdentifier>{bc43fa92-e2e5-4294-a07e-ab6a4473d82d}</UniqueIdentifier>
    </Filter>
    <Filter Include="Data\Fields\TaxField">
      <UniqueIdentifier>{a7a23409-51b6-4d3b-8aba-3a5b503987b2}</UniqueIdentifier>
    </Filter>
    <Filter Include="Core\Commands\GiveUp">
      <UniqueIdentifier>{fb062f0c-9406-459a-afba-3b27f75135e8}</UniqueIdentifier>
    </Filter>
  </ItemGroup>
  <ItemGroup>
    <ClInclude Include="MathHelpers.h">
      <Filter>Utils\MathHelpers</Filter>
    </ClInclude>
    <ClInclude Include="StreamHelpers.h">
      <Filter>Utils\StreamHelpers</Filter>
    </ClInclude>
    <ClInclude Include="StringHelpers.h">
      <Filter>Utils\StringHelpers</Filter>
    </ClInclude>
    <ClInclude Include="String.h">
      <Filter>Data Structures\String</Filter>
    </ClInclude>
    <ClInclude Include="Vector.hpp">
      <Filter>Data Structures\Vector</Filter>
    </ClInclude>
    <ClInclude Include="GameEngine.h">
      <Filter>Core\GameEngine</Filter>
    </ClInclude>
    <ClInclude Include="Player.h">
      <Filter>Data\Player</Filter>
    </ClInclude>
    <ClInclude Include="PlayerValidation.h">
      <Filter>Data\Player</Filter>
    </ClInclude>
    <ClInclude Include="Validation.h">
      <Filter>Common</Filter>
    </ClInclude>
    <ClInclude Include="Bank.h">
      <Filter>Data\Bank</Filter>
    </ClInclude>
    <ClInclude Include="Board.h">
      <Filter>Data\Board</Filter>
    </ClInclude>
    <ClInclude Include="resource.h" />
    <ClInclude Include="Deck.h">
      <Filter>Data\Deck</Filter>
    </ClInclude>
    <ClInclude Include="Field.h">
      <Filter>Data\Fields\Base</Filter>
    </ClInclude>
    <ClInclude Include="Property.h">
      <Filter>Data\Fields\Property</Filter>
    </ClInclude>
    <ClInclude Include="PropertyValidation.h">
      <Filter>Data\Fields\Property</Filter>
    </ClInclude>
    <ClInclude Include="PropertyConstants.h">
      <Filter>Data\Fields\Property</Filter>
    </ClInclude>
    <ClInclude Include="PlayerConstants.h">
      <Filter>Data\Player</Filter>
    </ClInclude>
    <ClInclude Include="PlayerFactory.h">
      <Filter>Factories\PlayerFactory</Filter>
    </ClInclude>
    <ClInclude Include="FieldFactory.h">
      <Filter>Factories\FieldFactory</Filter>
    </ClInclude>
    <ClInclude Include="Typedefs.h">
      <Filter>Common</Filter>
    </ClInclude>
    <ClInclude Include="BankValidation.h">
      <Filter>Data\Bank</Filter>
    </ClInclude>
    <ClInclude Include="BoardUtilities.h">
      <Filter>Data\Board</Filter>
    </ClInclude>
    <ClInclude Include="FieldType.h">
      <Filter>Data\Fields\Base</Filter>
    </ClInclude>
    <ClInclude Include="Console.h">
      <Filter>UI\Console</Filter>
    </ClInclude>
    <ClInclude Include="Renderer.h">
      <Filter>UI\Renderer</Filter>
    </ClInclude>
    <ClInclude Include="ConsoleConstants.h">
      <Filter>UI\Console</Filter>
    </ClInclude>
    <ClInclude Include="RendererConstants.h">
      <Filter>UI\Renderer</Filter>
    </ClInclude>
    <ClInclude Include="ColorGroup.h">
      <Filter>Common</Filter>
    </ClInclude>
    <ClInclude Include="Tile.h">
      <Filter>UI\Tile</Filter>
    </ClInclude>
    <ClInclude Include="TileConstants.h">
      <Filter>UI\Tile</Filter>
    </ClInclude>
    <ClInclude Include="Color.h">
      <Filter>Common</Filter>
    </ClInclude>
    <ClInclude Include="Die.h">
      <Filter>Data\Dice</Filter>
    </ClInclude>
    <ClInclude Include="Key.h">
      <Filter>UI\Console</Filter>
    </ClInclude>
    <ClInclude Include="GameEngineConstants.h">
      <Filter>Core\GameEngine</Filter>
    </ClInclude>
    <ClInclude Include="Pair.hpp">
      <Filter>Data Structures\Pair</Filter>
    </ClInclude>
    <ClInclude Include="CardField.h">
      <Filter>Data\Fields\CardField</Filter>
    </ClInclude>
    <ClInclude Include="Card.h">
      <Filter>Data\Cards\Base</Filter>
    </ClInclude>
    <ClInclude Include="MovePositionCard.h">
      <Filter>Data\Cards\MovePositionCard</Filter>
    </ClInclude>
    <ClInclude Include="MovePositionType.h">
      <Filter>Data\Cards\MovePositionCard</Filter>
    </ClInclude>
    <ClInclude Include="PaymentCard.h">
      <Filter>Data\Cards\PaymentCard</Filter>
    </ClInclude>
    <ClInclude Include="PaymentType.h">
      <Filter>Data\Cards\PaymentCard</Filter>
    </ClInclude>
    <ClInclude Include="MovePositionToNearestCard.h">
      <Filter>Data\Cards\MovePositionToNearestCard</Filter>
    </ClInclude>
    <ClInclude Include="MovePositionToNearestCardValidation.h">
      <Filter>Data\Cards\MovePositionToNearestCard</Filter>
    </ClInclude>
    <ClInclude Include="CombinedCard.h">
      <Filter>Data\Cards\CombinedCard</Filter>
    </ClInclude>
    <ClInclude Include="Queue.hpp">
      <Filter>Data Structures\Queue</Filter>
    </ClInclude>
    <ClInclude Include="CommandHandler.h">
      <Filter>Core\CommandHandler</Filter>
    </ClInclude>
    <ClInclude Include="Command.h">
      <Filter>Core\Commands\Base</Filter>
    </ClInclude>
    <ClInclude Include="EndTurnCommand.h">
      <Filter>Core\Commands\EndTurn</Filter>
    </ClInclude>
    <ClInclude Include="BuyPropertyCommand.h">
      <Filter>Core\Commands\BuyProperty</Filter>
    </ClInclude>
    <ClInclude Include="SellPropertyCommand.h">
      <Filter>Core\Commands\SellProperty</Filter>
    </ClInclude>
    <ClInclude Include="BuildHouseCommand.h">
      <Filter>Core\Commands\BuildHouse</Filter>
    </ClInclude>
    <ClInclude Include="DemolishHouseCommand.h">
      <Filter>Core\Commands\DemolishHouse</Filter>
    </ClInclude>
    <ClInclude Include="DefaultMenuCommand.h">
      <Filter>Core\Commands\DefaultMenu</Filter>
    </ClInclude>
    <ClInclude Include="CommandHandlerConstants.h">
      <Filter>Core\CommandHandler</Filter>
    </ClInclude>
    <ClInclude Include="Tileable.h">
      <Filter>UI\Tile</Filter>
    </ClInclude>
    <ClInclude Include="Menu.h">
      <Filter>UI\Menu</Filter>
    </ClInclude>
    <ClInclude Include="MenuConstants.h">
      <Filter>UI\Menu</Filter>
    </ClInclude>
    <ClInclude Include="JailPassCommand.h">
      <Filter>Core\Commands\JailPass</Filter>
    </ClInclude>
    <ClInclude Include="JailEscapeMenuCommand.h">
      <Filter>Core\Commands\JailEscapeMenu</Filter>
    </ClInclude>
    <ClInclude Include="PayJailFeeCommand.h">
      <Filter>Core\Commands\PayJailFeeCommand</Filter>
    </ClInclude>
    <ClInclude Include="FieldValidation.h">
      <Filter>Data\Fields\Base</Filter>
    </ClInclude>
    <ClInclude Include="OwnedField.h">
      <Filter>Data\Fields\OwnedField</Filter>
    </ClInclude>
    <ClInclude Include="PricedField.h">
      <Filter>Data\Fields\PricedField</Filter>
    </ClInclude>
    <ClInclude Include="PricedFieldValidation.h">
      <Filter>Data\Fields\PricedField</Filter>
    </ClInclude>
    <ClInclude Include="Railroad.h">
      <Filter>Data\Fields\Railroad</Filter>
    </ClInclude>
    <ClInclude Include="RailroadConstants.h">
      <Filter>Data\Fields\Railroad</Filter>
    </ClInclude>
    <ClInclude Include="BuyRailroadCommand.h">
      <Filter>Core\Commands\BuyRailroad</Filter>
    </ClInclude>
    <ClInclude Include="SellRailroadCommand.h">
      <Filter>Core\Commands\SellRailroad</Filter>
    </ClInclude>
    <ClInclude Include="Utility.h">
      <Filter>Data\Fields\Utility</Filter>
    </ClInclude>
    <ClInclude Include="UtilityConstants.h">
      <Filter>Data\Fields\Utility</Filter>
    </ClInclude>
    <ClInclude Include="SellUtilityCommand.h">
      <Filter>Core\Commands\SellUtility</Filter>
    </ClInclude>
    <ClInclude Include="BuyUtilityCommand.h">
      <Filter>Core\Commands\BuyUtility</Filter>
    </ClInclude>
    <ClInclude Include="DeckType.h">
      <Filter>Data\Deck</Filter>
    </ClInclude>
    <ClInclude Include="CustomCard.hpp">
      <Filter>Data\Cards\CustomCard</Filter>
    </ClInclude>
    <ClInclude Include="TextField.h">
      <Filter>Data\Fields\TextField</Filter>
    </ClInclude>
    <ClInclude Include="TaxField.h">
      <Filter>Data\Fields\TaxField</Filter>
    </ClInclude>
    <ClInclude Include="GiveUpCommand.h">
      <Filter>Core\Commands\GiveUp</Filter>
    </ClInclude>
  </ItemGroup>
  <ItemGroup>
    <ResourceCompile Include="monopoly-oop-su.rc" />
  </ItemGroup>
  <ItemGroup>
    <None Include="game_data.bin">
      <Filter>Utils\StringHelpers</Filter>
    </None>
  </ItemGroup>
</Project>